
Microsoft Visual Studio Solution File, Format Version 12.00
# Visual Studio 15
VisualStudioVersion = 15.0.27703.2035
MinimumVisualStudioVersion = 10.0.40219.1
Project("{FAE04EC0-301F-11D3-BF4B-00C04F79EFBC}") = "AdminClient", "AdminClient.csproj", "{870BCE81-9186-497D-B249-CBAC67890822}"
EndProject
Project("{FAE04EC0-301F-11D3-BF4B-00C04F79EFBC}") = "DbModel", "..\DbModel\DbModel.csproj", "{586D74C6-49D6-4702-BAE1-18B1379363D1}"
EndProject
Global
	GlobalSection(SolutionConfigurationPlatforms) = preSolution
		Debug|Any CPU = Debug|Any CPU
		Release|Any CPU = Release|Any CPU
	EndGlobalSection
	GlobalSection(ProjectConfigurationPlatforms) = postSolution
		{870BCE81-9186-497D-B249-CBAC67890822}.Debug|Any CPU.ActiveCfg = Debug|Any CPU
		{870BCE81-9186-497D-B249-CBAC67890822}.Debug|Any CPU.Build.0 = Debug|Any CPU
		{870BCE81-9186-497D-B249-CBAC67890822}.Release|Any CPU.ActiveCfg = Release|Any CPU
		{870BCE81-9186-497D-B249-CBAC67890822}.Release|Any CPU.Build.0 = Release|Any CPU
		{586D74C6-49D6-4702-BAE1-18B1379363D1}.Debug|Any CPU.ActiveCfg = Debug|Any CPU
		{586D74C6-49D6-4702-BAE1-18B1379363D1}.Debug|Any CPU.Build.0 = Debug|Any CPU
		{586D74C6-49D6-4702-BAE1-18B1379363D1}.Release|Any CPU.ActiveCfg = Release|Any CPU
		{586D74C6-49D6-4702-BAE1-18B1379363D1}.Release|Any CPU.Build.0 = Release|Any CPU
	EndGlobalSection
	GlobalSection(SolutionProperties) = preSolution
		HideSolutionNode = FALSE
	EndGlobalSection
	GlobalSection(ExtensibilityGlobals) = postSolution
		SolutionGuid = {4F19BC3F-DBB5-424C-80BD-74321C481961}
	EndGlobalSection
EndGlobal
